
Microsoft Visual Studio Solution File, Format Version 12.00
# Visual Studio 15
VisualStudioVersion = 15.0.27004.2008
MinimumVisualStudioVersion = 10.0.40219.1
Project("{FAE04EC0-301F-11D3-BF4B-00C04F79EFBC}") = "1.1BitcoinAddress", "1.1BitcoinAddress\1.1BitcoinAddress.csproj", "{833EDB30-8C40-47E6-B49A-4BB2C5EB44B1}"
EndProject
Project("{FAE04EC0-301F-11D3-BF4B-00C04F79EFBC}") = "1.2ScriptPubKey", "1.2ScriptPubKey\1.2ScriptPubKey.csproj", "{1FEBF9B2-BBFF-4450-B806-2C36D92C5F69}"
EndProject
Project("{FAE04EC0-301F-11D3-BF4B-00C04F79EFBC}") = "1.3PrivateKey", "1.3PrivateKey\1.3PrivateKey.csproj", "{66A3FA80-9BB0-41F4-94A6-FE0F2470A7D8}"
EndProject
Project("{FAE04EC0-301F-11D3-BF4B-00C04F79EFBC}") = "1.4Transaction", "1.4Transaction\1.4Transaction.csproj", "{F0C336A6-0FA5-4B24-92E3-2BEA63DE205B}"
EndProject
Project("{FAE04EC0-301F-11D3-BF4B-00C04F79EFBC}") = "1.5SpendYourCoins", "1.5SpendYourCoins\1.5SpendYourCoins.csproj", "{69D11E6D-29C8-4754-9BCC-489DAE91026E}"
EndProject
Project("{FAE04EC0-301F-11D3-BF4B-00C04F79EFBC}") = "1.6ProofOfOwnership", "1.6ProofOfOwnership\1.6ProofOfOwnership.csproj", "{10506FED-2E30-4B13-BEFA-E8CD19FA0404}"
EndProject
Project("{FAE04EC0-301F-11D3-BF4B-00C04F79EFBC}") = "2.1KeyEncryption", "2.1KeyEncryption\2.1KeyEncryption.csproj", "{DE68FC73-1072-46E2-B235-7E5E03FA9EBB}"
EndProject
Project("{FAE04EC0-301F-11D3-BF4B-00C04F79EFBC}") = "2.2Bip38Part2", "2.2Bip38Part2\2.2Bip38Part2.csproj", "{876E91E1-6EDE-45BB-BCA8-514C30BD2539}"
EndProject
Project("{FAE04EC0-301F-11D3-BF4B-00C04F79EFBC}") = "2.3HdWallet", "2.3HdWallet\2.3HdWallet.csproj", "{AE66A7B7-C72E-4F54-8ED4-7F05A44A822F}"
EndProject
Project("{FAE04EC0-301F-11D3-BF4B-00C04F79EFBC}") = "2.4DarkWallet", "2.4DarkWallet\2.4DarkWallet.csproj", "{FA5A14C0-6E5A-4B0C-9844-42DB35F24516}"
EndProject
Project("{FAE04EC0-301F-11D3-BF4B-00C04F79EFBC}") = "3.0OtherTypesOfOwnerships", "3.0OtherTypesOfOwnerships\3.0OtherTypesOfOwnerships.csproj", "{189BD47E-13B7-4D8F-99D4-CDEF7ED1D8E4}"
EndProject
Project("{FAE04EC0-301F-11D3-BF4B-00C04F79EFBC}") = "3.1TransactionBuilder", "3.1TransactionBuilder\3.1TransactionBuilder.csproj", "{DFC62B82-8CB2-4303-B1B9-F2936DA02A2B}"
EndProject
Project("{FAE04EC0-301F-11D3-BF4B-00C04F79EFBC}") = "4.0OtherAssets", "4.0OtherAssets\4.0OtherAssets.csproj", "{761A3584-3383-4F0C-B20F-694E23D1650C}"
EndProject
Project("{FAE04EC0-301F-11D3-BF4B-00C04F79EFBC}") = "4.1UnitTests", "4.1UnitTests\4.1UnitTests.csproj", "{37CB49E9-788C-4761-A85F-95722A82E21F}"
EndProject
Global
	GlobalSection(SolutionConfigurationPlatforms) = preSolution
		Debug|Any CPU = Debug|Any CPU
		Release|Any CPU = Release|Any CPU
	EndGlobalSection
	GlobalSection(ProjectConfigurationPlatforms) = postSolution
		{833EDB30-8C40-47E6-B49A-4BB2C5EB44B1}.Debug|Any CPU.ActiveCfg = Debug|Any CPU
		{833EDB30-8C40-47E6-B49A-4BB2C5EB44B1}.Debug|Any CPU.Build.0 = Debug|Any CPU
		{833EDB30-8C40-47E6-B49A-4BB2C5EB44B1}.Release|Any CPU.ActiveCfg = Release|Any CPU
		{833EDB30-8C40-47E6-B49A-4BB2C5EB44B1}.Release|Any CPU.Build.0 = Release|Any CPU
		{1FEBF9B2-BBFF-4450-B806-2C36D92C5F69}.Debug|Any CPU.ActiveCfg = Debug|Any CPU
		{1FEBF9B2-BBFF-4450-B806-2C36D92C5F69}.Debug|Any CPU.Build.0 = Debug|Any CPU
		{1FEBF9B2-BBFF-4450-B806-2C36D92C5F69}.Release|Any CPU.ActiveCfg = Release|Any CPU
		{1FEBF9B2-BBFF-4450-B806-2C36D92C5F69}.Release|Any CPU.Build.0 = Release|Any CPU
		{66A3FA80-9BB0-41F4-94A6-FE0F2470A7D8}.Debug|Any CPU.ActiveCfg = Debug|Any CPU
		{66A3FA80-9BB0-41F4-94A6-FE0F2470A7D8}.Debug|Any CPU.Build.0 = Debug|Any CPU
		{66A3FA80-9BB0-41F4-94A6-FE0F2470A7D8}.Release|Any CPU.ActiveCfg = Release|Any CPU
		{66A3FA80-9BB0-41F4-94A6-FE0F2470A7D8}.Release|Any CPU.Build.0 = Release|Any CPU
		{F0C336A6-0FA5-4B24-92E3-2BEA63DE205B}.Debug|Any CPU.ActiveCfg = Debug|Any CPU
		{F0C336A6-0FA5-4B24-92E3-2BEA63DE205B}.Debug|Any CPU.Build.0 = Debug|Any CPU
		{F0C336A6-0FA5-4B24-92E3-2BEA63DE205B}.Release|Any CPU.ActiveCfg = Release|Any CPU
		{F0C336A6-0FA5-4B24-92E3-2BEA63DE205B}.Release|Any CPU.Build.0 = Release|Any CPU
		{69D11E6D-29C8-4754-9BCC-489DAE91026E}.Debug|Any CPU.ActiveCfg = Debug|Any CPU
		{69D11E6D-29C8-4754-9BCC-489DAE91026E}.Debug|Any CPU.Build.0 = Debug|Any CPU
		{69D11E6D-29C8-4754-9BCC-489DAE91026E}.Release|Any CPU.ActiveCfg = Release|Any CPU
		{69D11E6D-29C8-4754-9BCC-489DAE91026E}.Release|Any CPU.Build.0 = Release|Any CPU
		{10506FED-2E30-4B13-BEFA-E8CD19FA0404}.Debug|Any CPU.ActiveCfg = Debug|Any CPU
		{10506FED-2E30-4B13-BEFA-E8CD19FA0404}.Debug|Any CPU.Build.0 = Debug|Any CPU
		{10506FED-2E30-4B13-BEFA-E8CD19FA0404}.Release|Any CPU.ActiveCfg = Release|Any CPU
		{10506FED-2E30-4B13-BEFA-E8CD19FA0404}.Release|Any CPU.Build.0 = Release|Any CPU
		{DE68FC73-1072-46E2-B235-7E5E03FA9EBB}.Debug|Any CPU.ActiveCfg = Debug|Any CPU
		{DE68FC73-1072-46E2-B235-7E5E03FA9EBB}.Debug|Any CPU.Build.0 = Debug|Any CPU
		{DE68FC73-1072-46E2-B235-7E5E03FA9EBB}.Release|Any CPU.ActiveCfg = Release|Any CPU
		{DE68FC73-1072-46E2-B235-7E5E03FA9EBB}.Release|Any CPU.Build.0 = Release|Any CPU
		{876E91E1-6EDE-45BB-BCA8-514C30BD2539}.Debug|Any CPU.ActiveCfg = Debug|Any CPU
		{876E91E1-6EDE-45BB-BCA8-514C30BD2539}.Debug|Any CPU.Build.0 = Debug|Any CPU
		{876E91E1-6EDE-45BB-BCA8-514C30BD2539}.Release|Any CPU.ActiveCfg = Release|Any CPU
		{876E91E1-6EDE-45BB-BCA8-514C30BD2539}.Release|Any CPU.Build.0 = Release|Any CPU
		{AE66A7B7-C72E-4F54-8ED4-7F05A44A822F}.Debug|Any CPU.ActiveCfg = Debug|Any CPU
		{AE66A7B7-C72E-4F54-8ED4-7F05A44A822F}.Debug|Any CPU.Build.0 = Debug|Any CPU
		{AE66A7B7-C72E-4F54-8ED4-7F05A44A822F}.Release|Any CPU.ActiveCfg = Release|Any CPU
		{AE66A7B7-C72E-4F54-8ED4-7F05A44A822F}.Release|Any CPU.Build.0 = Release|Any CPU
		{FA5A14C0-6E5A-4B0C-9844-42DB35F24516}.Debug|Any CPU.ActiveCfg = Debug|Any CPU
		{FA5A14C0-6E5A-4B0C-9844-42DB35F24516}.Debug|Any CPU.Build.0 = Debug|Any CPU
		{FA5A14C0-6E5A-4B0C-9844-42DB35F24516}.Release|Any CPU.ActiveCfg = Release|Any CPU
		{FA5A14C0-6E5A-4B0C-9844-42DB35F24516}.Release|Any CPU.Build.0 = Release|Any CPU
		{189BD47E-13B7-4D8F-99D4-CDEF7ED1D8E4}.Debug|Any CPU.ActiveCfg = Debug|Any CPU
		{189BD47E-13B7-4D8F-99D4-CDEF7ED1D8E4}.Debug|Any CPU.Build.0 = Debug|Any CPU
		{189BD47E-13B7-4D8F-99D4-CDEF7ED1D8E4}.Release|Any CPU.ActiveCfg = Release|Any CPU
		{189BD47E-13B7-4D8F-99D4-CDEF7ED1D8E4}.Release|Any CPU.Build.0 = Release|Any CPU
		{DFC62B82-8CB2-4303-B1B9-F2936DA02A2B}.Debug|Any CPU.ActiveCfg = Debug|Any CPU
		{DFC62B82-8CB2-4303-B1B9-F2936DA02A2B}.Debug|Any CPU.Build.0 = Debug|Any CPU
		{DFC62B82-8CB2-4303-B1B9-F2936DA02A2B}.Release|Any CPU.ActiveCfg = Release|Any CPU
		{DFC62B82-8CB2-4303-B1B9-F2936DA02A2B}.Release|Any CPU.Build.0 = Release|Any CPU
		{761A3584-3383-4F0C-B20F-694E23D1650C}.Debug|Any CPU.ActiveCfg = Debug|Any CPU
		{761A3584-3383-4F0C-B20F-694E23D1650C}.Debug|Any CPU.Build.0 = Debug|Any CPU
		{761A3584-3383-4F0C-B20F-694E23D1650C}.Release|Any CPU.ActiveCfg = Release|Any CPU
		{761A3584-3383-4F0C-B20F-694E23D1650C}.Release|Any CPU.Build.0 = Release|Any CPU
		{37CB49E9-788C-4761-A85F-95722A82E21F}.Debug|Any CPU.ActiveCfg = Debug|Any CPU
		{37CB49E9-788C-4761-A85F-95722A82E21F}.Debug|Any CPU.Build.0 = Debug|Any CPU
		{37CB49E9-788C-4761-A85F-95722A82E21F}.Release|Any CPU.ActiveCfg = Release|Any CPU
		{37CB49E9-788C-4761-A85F-95722A82E21F}.Release|Any CPU.Build.0 = Release|Any CPU
	EndGlobalSection
	GlobalSection(SolutionProperties) = preSolution
		HideSolutionNode = FALSE
	EndGlobalSection
	GlobalSection(ExtensibilityGlobals) = postSolution
		SolutionGuid = {5F58003B-8B2C-4938-A7EA-20F06C85C398}
	EndGlobalSection
EndGlobal
