
Microsoft Visual Studio Solution File, Format Version 12.00
# Visual Studio 15
VisualStudioVersion = 15.0.27004.2006
MinimumVisualStudioVersion = 10.0.40219.1
Project("{FAE04EC0-301F-11D3-BF4B-00C04F79EFBC}") = "1.1BitcoinAddress", "BitcoinAddress\1.1BitcoinAddress.csproj", "{833EDB30-8C40-47E6-B49A-4BB2C5EB44B1}"
EndProject
Project("{FAE04EC0-301F-11D3-BF4B-00C04F79EFBC}") = "1.2ScriptPubKey", "1.2ScriptPubKey\1.2ScriptPubKey.csproj", "{1FEBF9B2-BBFF-4450-B806-2C36D92C5F69}"
EndProject
Global
	GlobalSection(SolutionConfigurationPlatforms) = preSolution
		Debug|Any CPU = Debug|Any CPU
		Release|Any CPU = Release|Any CPU
	EndGlobalSection
	GlobalSection(ProjectConfigurationPlatforms) = postSolution
		{833EDB30-8C40-47E6-B49A-4BB2C5EB44B1}.Debug|Any CPU.ActiveCfg = Debug|Any CPU
		{833EDB30-8C40-47E6-B49A-4BB2C5EB44B1}.Debug|Any CPU.Build.0 = Debug|Any CPU
		{833EDB30-8C40-47E6-B49A-4BB2C5EB44B1}.Release|Any CPU.ActiveCfg = Release|Any CPU
		{833EDB30-8C40-47E6-B49A-4BB2C5EB44B1}.Release|Any CPU.Build.0 = Release|Any CPU
		{1FEBF9B2-BBFF-4450-B806-2C36D92C5F69}.Debug|Any CPU.ActiveCfg = Debug|Any CPU
		{1FEBF9B2-BBFF-4450-B806-2C36D92C5F69}.Debug|Any CPU.Build.0 = Debug|Any CPU
		{1FEBF9B2-BBFF-4450-B806-2C36D92C5F69}.Release|Any CPU.ActiveCfg = Release|Any CPU
		{1FEBF9B2-BBFF-4450-B806-2C36D92C5F69}.Release|Any CPU.Build.0 = Release|Any CPU
	EndGlobalSection
	GlobalSection(SolutionProperties) = preSolution
		HideSolutionNode = FALSE
	EndGlobalSection
	GlobalSection(ExtensibilityGlobals) = postSolution
		SolutionGuid = {5F58003B-8B2C-4938-A7EA-20F06C85C398}
	EndGlobalSection
EndGlobal
